
Microsoft Visual Studio Solution File, Format Version 12.00
# Visual Studio Version 17
VisualStudioVersion = 17.6.33723.286
MinimumVisualStudioVersion = 10.0.40219.1
Project("{FAE04EC0-301F-11D3-BF4B-00C04F79EFBC}") = "Sincronico1", "Sincronico1.csproj", "{047BE992-CC57-4827-A028-30B3FA2E6783}"
EndProject
Global
	GlobalSection(SolutionConfigurationPlatforms) = preSolution
		Debug|Any CPU = Debug|Any CPU
		Release|Any CPU = Release|Any CPU
	EndGlobalSection
	GlobalSection(ProjectConfigurationPlatforms) = postSolution
		{047BE992-CC57-4827-A028-30B3FA2E6783}.Debug|Any CPU.ActiveCfg = Debug|Any CPU
		{047BE992-CC57-4827-A028-30B3FA2E6783}.Debug|Any CPU.Build.0 = Debug|Any CPU
		{047BE992-CC57-4827-A028-30B3FA2E6783}.Release|Any CPU.ActiveCfg = Release|Any CPU
		{047BE992-CC57-4827-A028-30B3FA2E6783}.Release|Any CPU.Build.0 = Release|Any CPU
	EndGlobalSection
	GlobalSection(SolutionProperties) = preSolution
		HideSolutionNode = FALSE
	EndGlobalSection
	GlobalSection(ExtensibilityGlobals) = postSolution
		SolutionGuid = {3929D4CB-7F5E-4B9E-810A-97275556E6BC}
	EndGlobalSection
EndGlobal
